
Microsoft Visual Studio Solution File, Format Version 12.00
# Visual Studio Version 16
VisualStudioVersion = 16.0.31112.23
MinimumVisualStudioVersion = 10.0.40219.1
Project("{FAE04EC0-301F-11D3-BF4B-00C04F79EFBC}") = "kurs_23112021_43_Method_GeneralForm", "kurs_23112021_43_Method_GeneralForm\kurs_23112021_43_Method_GeneralForm.csproj", "{E59DB09D-EC08-43FD-8513-7D3CA2DC9AC9}"
EndProject
Global
	GlobalSection(SolutionConfigurationPlatforms) = preSolution
		Debug|Any CPU = Debug|Any CPU
		Release|Any CPU = Release|Any CPU
	EndGlobalSection
	GlobalSection(ProjectConfigurationPlatforms) = postSolution
		{E59DB09D-EC08-43FD-8513-7D3CA2DC9AC9}.Debug|Any CPU.ActiveCfg = Debug|Any CPU
		{E59DB09D-EC08-43FD-8513-7D3CA2DC9AC9}.Debug|Any CPU.Build.0 = Debug|Any CPU
		{E59DB09D-EC08-43FD-8513-7D3CA2DC9AC9}.Release|Any CPU.ActiveCfg = Release|Any CPU
		{E59DB09D-EC08-43FD-8513-7D3CA2DC9AC9}.Release|Any CPU.Build.0 = Release|Any CPU
	EndGlobalSection
	GlobalSection(SolutionProperties) = preSolution
		HideSolutionNode = FALSE
	EndGlobalSection
	GlobalSection(ExtensibilityGlobals) = postSolution
		SolutionGuid = {DC46AEAA-214E-432B-9E1E-145E8226DEF3}
	EndGlobalSection
EndGlobal
